
Microsoft Visual Studio Solution File, Format Version 12.00
# Visual Studio Version 17
VisualStudioVersion = 17.9.34902.65
MinimumVisualStudioVersion = 10.0.40219.1
Project("{9A19103F-16F7-4668-BE54-9A1E7A4F7556}") = "EncryptionUtilsCaller", "EncryptionUtilsCaller\EncryptionUtilsCaller.csproj", "{7EDE7440-A164-44FE-A24C-C2E7D257B385}"
EndProject
Global
	GlobalSection(SolutionConfigurationPlatforms) = preSolution
		Debug|Any CPU = Debug|Any CPU
		Release|Any CPU = Release|Any CPU
	EndGlobalSection
	GlobalSection(ProjectConfigurationPlatforms) = postSolution
		{7EDE7440-A164-44FE-A24C-C2E7D257B385}.Debug|Any CPU.ActiveCfg = Debug|Any CPU
		{7EDE7440-A164-44FE-A24C-C2E7D257B385}.Debug|Any CPU.Build.0 = Debug|Any CPU
		{7EDE7440-A164-44FE-A24C-C2E7D257B385}.Release|Any CPU.ActiveCfg = Release|Any CPU
		{7EDE7440-A164-44FE-A24C-C2E7D257B385}.Release|Any CPU.Build.0 = Release|Any CPU
	EndGlobalSection
	GlobalSection(SolutionProperties) = preSolution
		HideSolutionNode = FALSE
	EndGlobalSection
	GlobalSection(ExtensibilityGlobals) = postSolution
		SolutionGuid = {6426CB49-50CB-45D4-B0E2-3C9053405998}
	EndGlobalSection
EndGlobal
